
Microsoft Visual Studio Solution File, Format Version 12.00
# Visual Studio Version 16
VisualStudioVersion = 16.0.31624.102
MinimumVisualStudioVersion = 10.0.40219.1
Project("{FAE04EC0-301F-11D3-BF4B-00C04F79EFBC}") = "MvcModel", "MvcModel\MvcModel.csproj", "{CE01F1D6-34F0-44BC-8708-6352A2696A2C}"
EndProject
Global
	GlobalSection(SolutionConfigurationPlatforms) = preSolution
		Debug|Any CPU = Debug|Any CPU
		Release|Any CPU = Release|Any CPU
	EndGlobalSection
	GlobalSection(ProjectConfigurationPlatforms) = postSolution
		{CE01F1D6-34F0-44BC-8708-6352A2696A2C}.Debug|Any CPU.ActiveCfg = Debug|Any CPU
		{CE01F1D6-34F0-44BC-8708-6352A2696A2C}.Debug|Any CPU.Build.0 = Debug|Any CPU
		{CE01F1D6-34F0-44BC-8708-6352A2696A2C}.Release|Any CPU.ActiveCfg = Release|Any CPU
		{CE01F1D6-34F0-44BC-8708-6352A2696A2C}.Release|Any CPU.Build.0 = Release|Any CPU
	EndGlobalSection
	GlobalSection(SolutionProperties) = preSolution
		HideSolutionNode = FALSE
	EndGlobalSection
	GlobalSection(ExtensibilityGlobals) = postSolution
		SolutionGuid = {CBDD046B-E98F-4631-88CE-99BA669C4AA8}
	EndGlobalSection
EndGlobal
