
Microsoft Visual Studio Solution File, Format Version 12.00
# Visual Studio Version 16
VisualStudioVersion = 16.0.31624.102
MinimumVisualStudioVersion = 10.0.40219.1
Project("{FAE04EC0-301F-11D3-BF4B-00C04F79EFBC}") = "MvcBs", "MvcBs\MvcBs.csproj", "{4D1AAE72-0FB1-4E93-AC8B-96E98DFE53C0}"
EndProject
Global
	GlobalSection(SolutionConfigurationPlatforms) = preSolution
		Debug|Any CPU = Debug|Any CPU
		Release|Any CPU = Release|Any CPU
	EndGlobalSection
	GlobalSection(ProjectConfigurationPlatforms) = postSolution
		{4D1AAE72-0FB1-4E93-AC8B-96E98DFE53C0}.Debug|Any CPU.ActiveCfg = Debug|Any CPU
		{4D1AAE72-0FB1-4E93-AC8B-96E98DFE53C0}.Debug|Any CPU.Build.0 = Debug|Any CPU
		{4D1AAE72-0FB1-4E93-AC8B-96E98DFE53C0}.Release|Any CPU.ActiveCfg = Release|Any CPU
		{4D1AAE72-0FB1-4E93-AC8B-96E98DFE53C0}.Release|Any CPU.Build.0 = Release|Any CPU
	EndGlobalSection
	GlobalSection(SolutionProperties) = preSolution
		HideSolutionNode = FALSE
	EndGlobalSection
	GlobalSection(ExtensibilityGlobals) = postSolution
		SolutionGuid = {513AAA3B-E9E5-4779-9DB7-01C63A723CD0}
	EndGlobalSection
EndGlobal
