
Microsoft Visual Studio Solution File, Format Version 12.00
# Visual Studio Version 16
VisualStudioVersion = 16.0.31624.102
MinimumVisualStudioVersion = 10.0.40219.1
Project("{FAE04EC0-301F-11D3-BF4B-00C04F79EFBC}") = "MvcWithData", "MvcWithData\MvcWithData.csproj", "{CD9C032A-1912-4BA1-80E9-54E4BF1363DF}"
EndProject
Global
	GlobalSection(SolutionConfigurationPlatforms) = preSolution
		Debug|Any CPU = Debug|Any CPU
		Release|Any CPU = Release|Any CPU
	EndGlobalSection
	GlobalSection(ProjectConfigurationPlatforms) = postSolution
		{CD9C032A-1912-4BA1-80E9-54E4BF1363DF}.Debug|Any CPU.ActiveCfg = Debug|Any CPU
		{CD9C032A-1912-4BA1-80E9-54E4BF1363DF}.Debug|Any CPU.Build.0 = Debug|Any CPU
		{CD9C032A-1912-4BA1-80E9-54E4BF1363DF}.Release|Any CPU.ActiveCfg = Release|Any CPU
		{CD9C032A-1912-4BA1-80E9-54E4BF1363DF}.Release|Any CPU.Build.0 = Release|Any CPU
	EndGlobalSection
	GlobalSection(SolutionProperties) = preSolution
		HideSolutionNode = FALSE
	EndGlobalSection
	GlobalSection(ExtensibilityGlobals) = postSolution
		SolutionGuid = {DEE98D39-E0E4-4639-8859-7E09A3F3C79B}
	EndGlobalSection
EndGlobal
