
Microsoft Visual Studio Solution File, Format Version 12.00
# Visual Studio Version 16
VisualStudioVersion = 16.0.31624.102
MinimumVisualStudioVersion = 10.0.40219.1
Project("{FAE04EC0-301F-11D3-BF4B-00C04F79EFBC}") = "Reflection", "Reflection\Reflection.csproj", "{C2068D04-2B61-4AC5-B39E-69B06FA5A2EC}"
EndProject
Global
	GlobalSection(SolutionConfigurationPlatforms) = preSolution
		Debug|Any CPU = Debug|Any CPU
		Release|Any CPU = Release|Any CPU
	EndGlobalSection
	GlobalSection(ProjectConfigurationPlatforms) = postSolution
		{C2068D04-2B61-4AC5-B39E-69B06FA5A2EC}.Debug|Any CPU.ActiveCfg = Debug|Any CPU
		{C2068D04-2B61-4AC5-B39E-69B06FA5A2EC}.Debug|Any CPU.Build.0 = Debug|Any CPU
		{C2068D04-2B61-4AC5-B39E-69B06FA5A2EC}.Release|Any CPU.ActiveCfg = Release|Any CPU
		{C2068D04-2B61-4AC5-B39E-69B06FA5A2EC}.Release|Any CPU.Build.0 = Release|Any CPU
	EndGlobalSection
	GlobalSection(SolutionProperties) = preSolution
		HideSolutionNode = FALSE
	EndGlobalSection
	GlobalSection(ExtensibilityGlobals) = postSolution
		SolutionGuid = {D87F3E45-DBE7-4F92-8DCE-73E23664199B}
	EndGlobalSection
EndGlobal
